// !$*UTF8*$!
{
	archiveVersion = 1;
	classes = {
	};
	objectVersion = 48;
	objects = {

/* Begin PBXBuildFile section */
		675C95EB204EAFB2005E82BE /* main.cpp in Sources */ = {isa = PBXBuildFile; fileRef = 675C95EA204EAFB2005E82BE /* main.cpp */; };
		675C95F3204EB3F5005E82BE /* JsonParser.cpp in Sources */ = {isa = PBXBuildFile; fileRef = 675C95F1204EB3F5005E82BE /* JsonParser.cpp */; };
		675C95F8204EB468005E82BE /* MetaException.cpp in Sources */ = {isa = PBXBuildFile; fileRef = 675C95F4204EB468005E82BE /* MetaException.cpp */; };
		675C95F9204EB468005E82BE /* Util.cpp in Sources */ = {isa = PBXBuildFile; fileRef = 675C95F7204EB468005E82BE /* Util.cpp */; };
/* End PBXBuildFile section */

/* Begin PBXCopyFilesBuildPhase section */
		675C95E5204EAFB2005E82BE /* CopyFiles */ = {
			isa = PBXCopyFilesBuildPhase;
			buildActionMask = 2147483647;
			dstPath = /usr/share/man/man1/;
			dstSubfolderSpec = 0;
			files = (
			);
			runOnlyForDeploymentPostprocessing = 1;
		};
/* End PBXCopyFilesBuildPhase section */

/* Begin PBXFileReference section */
		675C95E7204EAFB2005E82BE /* json2text */ = {isa = PBXFileReference; explicitFileType = "compiled.mach-o.executable"; includeInIndex = 0; path = json2text; sourceTree = BUILT_PRODUCTS_DIR; };
		675C95EA204EAFB2005E82BE /* main.cpp */ = {isa = PBXFileReference; lastKnownFileType = sourcecode.cpp.cpp; path = main.cpp; sourceTree = "<group>"; };
		675C95F1204EB3F5005E82BE /* JsonParser.cpp */ = {isa = PBXFileReference; lastKnownFileType = sourcecode.cpp.cpp; path = JsonParser.cpp; sourceTree = "<group>"; };
		675C95F2204EB3F5005E82BE /* JsonParser.hpp */ = {isa = PBXFileReference; lastKnownFileType = sourcecode.cpp.h; path = JsonParser.hpp; sourceTree = "<group>"; };
		675C95F4204EB468005E82BE /* MetaException.cpp */ = {isa = PBXFileReference; lastKnownFileType = sourcecode.cpp.cpp; name = MetaException.cpp; path = /desenv/xworkspace/json2text/json2text/MetaException.cpp; sourceTree = "<absolute>"; };
		675C95F5204EB468005E82BE /* Util.hpp */ = {isa = PBXFileReference; lastKnownFileType = sourcecode.cpp.h; name = Util.hpp; path = /desenv/xworkspace/json2text/json2text/Util.hpp; sourceTree = "<absolute>"; };
		675C95F6204EB468005E82BE /* MetaException.hpp */ = {isa = PBXFileReference; lastKnownFileType = sourcecode.cpp.h; name = MetaException.hpp; path = /desenv/xworkspace/json2text/json2text/MetaException.hpp; sourceTree = "<absolute>"; };
		675C95F7204EB468005E82BE /* Util.cpp */ = {isa = PBXFileReference; lastKnownFileType = sourcecode.cpp.cpp; name = Util.cpp; path = /desenv/xworkspace/json2text/json2text/Util.cpp; sourceTree = "<absolute>"; };
		67A1817E204F769900939F3D /* README.md */ = {isa = PBXFileReference; fileEncoding = 4; lastKnownFileType = net.daringfireball.markdown; path = README.md; sourceTree = "<group>"; };
/* End PBXFileReference section */

/* Begin PBXFrameworksBuildPhase section */
		675C95E4204EAFB2005E82BE /* Frameworks */ = {
			isa = PBXFrameworksBuildPhase;
			buildActionMask = 2147483647;
			files = (
			);
			runOnlyForDeploymentPostprocessing = 0;
		};
/* End PBXFrameworksBuildPhase section */

/* Begin PBXGroup section */
		675C95DE204EAFB2005E82BE = {
			isa = PBXGroup;
			children = (
				67A1817E204F769900939F3D /* README.md */,
				675C95E9204EAFB2005E82BE /* json2text */,
				675C95E8204EAFB2005E82BE /* Products */,
			);
			sourceTree = "<group>";
		};
		675C95E8204EAFB2005E82BE /* Products */ = {
			isa = PBXGroup;
			children = (
				675C95E7204EAFB2005E82BE /* json2text */,
			);
			name = Products;
			sourceTree = "<group>";
		};
		675C95E9204EAFB2005E82BE /* json2text */ = {
			isa = PBXGroup;
			children = (
				675C95F4204EB468005E82BE /* MetaException.cpp */,
				675C95F6204EB468005E82BE /* MetaException.hpp */,
				675C95F7204EB468005E82BE /* Util.cpp */,
				675C95F5204EB468005E82BE /* Util.hpp */,
				675C95EA204EAFB2005E82BE /* main.cpp */,
				675C95F1204EB3F5005E82BE /* JsonParser.cpp */,
				675C95F2204EB3F5005E82BE /* JsonParser.hpp */,
			);
			path = json2text;
			sourceTree = "<group>";
		};
/* End PBXGroup section */

/* Begin PBXNativeTarget section */
		675C95E6204EAFB2005E82BE /* json2text */ = {
			isa = PBXNativeTarget;
			buildConfigurationList = 675C95EE204EAFB2005E82BE /* Build configuration list for PBXNativeTarget "json2text" */;
			buildPhases = (
				675C95E3204EAFB2005E82BE /* Sources */,
				675C95E4204EAFB2005E82BE /* Frameworks */,
				675C95E5204EAFB2005E82BE /* CopyFiles */,
			);
			buildRules = (
			);
			dependencies = (
			);
			name = json2text;
			productName = json2text;
			productReference = 675C95E7204EAFB2005E82BE /* json2text */;
			productType = "com.apple.product-type.tool";
		};
/* End PBXNativeTarget section */

/* Begin PBXProject section */
		675C95DF204EAFB2005E82BE /* Project object */ = {
			isa = PBXProject;
			attributes = {
				LastUpgradeCheck = 0920;
				ORGANIZATIONNAME = "GUSTAVO CAMPOS";
				TargetAttributes = {
					675C95E6204EAFB2005E82BE = {
						CreatedOnToolsVersion = 9.2;
						ProvisioningStyle = Automatic;
					};
				};
			};
			buildConfigurationList = 675C95E2204EAFB2005E82BE /* Build configuration list for PBXProject "json2text" */;
			compatibilityVersion = "Xcode 8.0";
			developmentRegion = en;
			hasScannedForEncodings = 0;
			knownRegions = (
				en,
			);
			mainGroup = 675C95DE204EAFB2005E82BE;
			productRefGroup = 675C95E8204EAFB2005E82BE /* Products */;
			projectDirPath = "";
			projectRoot = "";
			targets = (
				675C95E6204EAFB2005E82BE /* json2text */,
			);
		};
/* End PBXProject section */

/* Begin PBXSourcesBuildPhase section */
		675C95E3204EAFB2005E82BE /* Sources */ = {
			isa = PBXSourcesBuildPhase;
			buildActionMask = 2147483647;
			files = (
				675C95F3204EB3F5005E82BE /* JsonParser.cpp in Sources */,
				675C95F8204EB468005E82BE /* MetaException.cpp in Sources */,
				675C95EB204EAFB2005E82BE /* main.cpp in Sources */,
				675C95F9204EB468005E82BE /* Util.cpp in Sources */,
			);
			runOnlyForDeploymentPostprocessing = 0;
		};
/* End PBXSourcesBuildPhase section */

/* Begin XCBuildConfiguration section */
		675C95EC204EAFB2005E82BE /* Debug */ = {
			isa = XCBuildConfiguration;
			buildSettings = {
				ALWAYS_SEARCH_USER_PATHS = NO;
				CLANG_ANALYZER_NONNULL = YES;
				CLANG_ANALYZER_NUMBER_OBJECT_CONVERSION = YES_AGGRESSIVE;
				CLANG_CXX_LANGUAGE_STANDARD = "gnu++14";
				CLANG_CXX_LIBRARY = "libc++";
				CLANG_ENABLE_MODULES = YES;
				CLANG_ENABLE_OBJC_ARC = YES;
				CLANG_WARN_BLOCK_CAPTURE_AUTORELEASING = YES;
				CLANG_WARN_BOOL_CONVERSION = YES;
				CLANG_WARN_COMMA = YES;
				CLANG_WARN_CONSTANT_CONVERSION = YES;
				CLANG_WARN_DIRECT_OBJC_ISA_USAGE = YES_ERROR;
				CLANG_WARN_DOCUMENTATION_COMMENTS = YES;
				CLANG_WARN_EMPTY_BODY = YES;
				CLANG_WARN_ENUM_CONVERSION = YES;
				CLANG_WARN_INFINITE_RECURSION = YES;
				CLANG_WARN_INT_CONVERSION = YES;
				CLANG_WARN_NON_LITERAL_NULL_CONVERSION = YES;
				CLANG_WARN_OBJC_LITERAL_CONVERSION = YES;
				CLANG_WARN_OBJC_ROOT_CLASS = YES_ERROR;
				CLANG_WARN_RANGE_LOOP_ANALYSIS = YES;
				CLANG_WARN_STRICT_PROTOTYPES = YES;
				CLANG_WARN_SUSPICIOUS_MOVE = YES;
				CLANG_WARN_UNGUARDED_AVAILABILITY = YES_AGGRESSIVE;
				CLANG_WARN_UNREACHABLE_CODE = YES;
				CLANG_WARN__DUPLICATE_METHOD_MATCH = YES;
				CODE_SIGN_IDENTITY = "-";
				COPY_PHASE_STRIP = NO;
				DEBUG_INFORMATION_FORMAT = dwarf;
				ENABLE_STRICT_OBJC_MSGSEND = YES;
				ENABLE_TESTABILITY = YES;
				GCC_C_LANGUAGE_STANDARD = gnu11;
				GCC_DYNAMIC_NO_PIC = NO;
				GCC_NO_COMMON_BLOCKS = YES;
				GCC_OPTIMIZATION_LEVEL = 0;
				GCC_PREPROCESSOR_DEFINITIONS = (
					"DEBUG=1",
					"$(inherited)",
				);
				GCC_WARN_64_TO_32_BIT_CONVERSION = YES;
				GCC_WARN_ABOUT_RETURN_TYPE = YES_ERROR;
				GCC_WARN_UNDECLARED_SELECTOR = YES;
				GCC_WARN_UNINITIALIZED_AUTOS = YES_AGGRESSIVE;
				GCC_WARN_UNUSED_FUNCTION = YES;
				GCC_WARN_UNUSED_VARIABLE = YES;
				MACOSX_DEPLOYMENT_TARGET = 10.13;
				MTL_ENABLE_DEBUG_INFO = YES;
				ONLY_ACTIVE_ARCH = YES;
				SDKROOT = macosx;
			};
			name = Debug;
		};
		675C95ED204EAFB2005E82BE /* Release */ = {
			isa = XCBuildConfiguration;
			buildSettings = {
				ALWAYS_SEARCH_USER_PATHS = NO;
				CLANG_ANALYZER_NONNULL = YES;
				CLANG_ANALYZER_NUMBER_OBJECT_CONVERSION = YES_AGGRESSIVE;
				CLANG_CXX_LANGUAGE_STANDARD = "gnu++14";
				CLANG_CXX_LIBRARY = "libc++";
				CLANG_ENABLE_MODULES = YES;
				CLANG_ENABLE_OBJC_ARC = YES;
				CLANG_WARN_BLOCK_CAPTURE_AUTORELEASING = YES;
				CLANG_WARN_BOOL_CONVERSION = YES;
				CLANG_WARN_COMMA = YES;
				CLANG_WARN_CONSTANT_CONVERSION = YES;
				CLANG_WARN_DIRECT_OBJC_ISA_USAGE = YES_ERROR;
				CLANG_WARN_DOCUMENTATION_COMMENTS = YES;
				CLANG_WARN_EMPTY_BODY = YES;
				CLANG_WARN_ENUM_CONVERSION = YES;
				CLANG_WARN_INFINITE_RECURSION = YES;
				CLANG_WARN_INT_CONVERSION = YES;
				CLANG_WARN_NON_LITERAL_NULL_CONVERSION = YES;
				CLANG_WARN_OBJC_LITERAL_CONVERSION = YES;
				CLANG_WARN_OBJC_ROOT_CLASS = YES_ERROR;
				CLANG_WARN_RANGE_LOOP_ANALYSIS = YES;
				CLANG_WARN_STRICT_PROTOTYPES = YES;
				CLANG_WARN_SUSPICIOUS_MOVE = YES;
				CLANG_WARN_UNGUARDED_AVAILABILITY = YES_AGGRESSIVE;
				CLANG_WARN_UNREACHABLE_CODE = YES;
				CLANG_WARN__DUPLICATE_METHOD_MATCH = YES;
				CODE_SIGN_IDENTITY = "-";
				COPY_PHASE_STRIP = NO;
				DEBUG_INFORMATION_FORMAT = "dwarf-with-dsym";
				ENABLE_NS_ASSERTIONS = NO;
				ENABLE_STRICT_OBJC_MSGSEND = YES;
				GCC_C_LANGUAGE_STANDARD = gnu11;
				GCC_NO_COMMON_BLOCKS = YES;
				GCC_WARN_64_TO_32_BIT_CONVERSION = YES;
				GCC_WARN_ABOUT_RETURN_TYPE = YES_ERROR;
				GCC_WARN_UNDECLARED_SELECTOR = YES;
				GCC_WARN_UNINITIALIZED_AUTOS = YES_AGGRESSIVE;
				GCC_WARN_UNUSED_FUNCTION = YES;
				GCC_WARN_UNUSED_VARIABLE = YES;
				MACOSX_DEPLOYMENT_TARGET = 10.13;
				MTL_ENABLE_DEBUG_INFO = NO;
				SDKROOT = macosx;
			};
			name = Release;
		};
		675C95EF204EAFB2005E82BE /* Debug */ = {
			isa = XCBuildConfiguration;
			buildSettings = {
				CODE_SIGN_STYLE = Automatic;
				PRODUCT_NAME = "$(TARGET_NAME)";
			};
			name = Debug;
		};
		675C95F0204EAFB2005E82BE /* Release */ = {
			isa = XCBuildConfiguration;
			buildSettings = {
				CODE_SIGN_STYLE = Automatic;
				PRODUCT_NAME = "$(TARGET_NAME)";
			};
			name = Release;
		};
/* End XCBuildConfiguration section */

/* Begin XCConfigurationList section */
		675C95E2204EAFB2005E82BE /* Build configuration list for PBXProject "json2text" */ = {
			isa = XCConfigurationList;
			buildConfigurations = (
				675C95EC204EAFB2005E82BE /* Debug */,
				675C95ED204EAFB2005E82BE /* Release */,
			);
			defaultConfigurationIsVisible = 0;
			defaultConfigurationName = Release;
		};
		675C95EE204EAFB2005E82BE /* Build configuration list for PBXNativeTarget "json2text" */ = {
			isa = XCConfigurationList;
			buildConfigurations = (
				675C95EF204EAFB2005E82BE /* Debug */,
				675C95F0204EAFB2005E82BE /* Release */,
			);
			defaultConfigurationIsVisible = 0;
			defaultConfigurationName = Release;
		};
/* End XCConfigurationList section */
	};
	rootObject = 675C95DF204EAFB2005E82BE /* Project object */;
}
